
Microsoft Visual Studio Solution File, Format Version 12.00
# Visual Studio Version 17
VisualStudioVersion = 17.7.34018.315
MinimumVisualStudioVersion = 10.0.40219.1
Project("{9A19103F-16F7-4668-BE54-9A1E7A4F7556}") = "TheWhaddonShowReact", "TheWhaddonShowReact\TheWhaddonShowReact.csproj", "{868DDE74-8D4E-46A5-A541-E1BF106C108E}"
EndProject
Project("{9A19103F-16F7-4668-BE54-9A1E7A4F7556}") = "TheWhaddonShowClassLibrary", "..\TheWhaddonShowApp\TheWhaddonShowClassLibrary\TheWhaddonShowClassLibrary.csproj", "{5F7142A8-431B-4561-B985-83D631269E23}"
EndProject
Project("{9A19103F-16F7-4668-BE54-9A1E7A4F7556}") = "MyClassLibrary", "..\MyClassLibrarySolution\MyClassLibrary\MyClassLibrary.csproj", "{DCC7AA84-59D1-48C0-98DA-A9AB9675AA6C}"
EndProject
Global
	GlobalSection(SolutionConfigurationPlatforms) = preSolution
		Debug|Any CPU = Debug|Any CPU
		Release|Any CPU = Release|Any CPU
	EndGlobalSection
	GlobalSection(ProjectConfigurationPlatforms) = postSolution
		{868DDE74-8D4E-46A5-A541-E1BF106C108E}.Debug|Any CPU.ActiveCfg = Debug|Any CPU
		{868DDE74-8D4E-46A5-A541-E1BF106C108E}.Debug|Any CPU.Build.0 = Debug|Any CPU
		{868DDE74-8D4E-46A5-A541-E1BF106C108E}.Release|Any CPU.ActiveCfg = Release|Any CPU
		{868DDE74-8D4E-46A5-A541-E1BF106C108E}.Release|Any CPU.Build.0 = Release|Any CPU
		{5F7142A8-431B-4561-B985-83D631269E23}.Debug|Any CPU.ActiveCfg = Debug|Any CPU
		{5F7142A8-431B-4561-B985-83D631269E23}.Debug|Any CPU.Build.0 = Debug|Any CPU
		{5F7142A8-431B-4561-B985-83D631269E23}.Release|Any CPU.ActiveCfg = Release|Any CPU
		{5F7142A8-431B-4561-B985-83D631269E23}.Release|Any CPU.Build.0 = Release|Any CPU
		{DCC7AA84-59D1-48C0-98DA-A9AB9675AA6C}.Debug|Any CPU.ActiveCfg = Debug|Any CPU
		{DCC7AA84-59D1-48C0-98DA-A9AB9675AA6C}.Debug|Any CPU.Build.0 = Debug|Any CPU
		{DCC7AA84-59D1-48C0-98DA-A9AB9675AA6C}.Release|Any CPU.ActiveCfg = Release|Any CPU
		{DCC7AA84-59D1-48C0-98DA-A9AB9675AA6C}.Release|Any CPU.Build.0 = Release|Any CPU
	EndGlobalSection
	GlobalSection(SolutionProperties) = preSolution
		HideSolutionNode = FALSE
	EndGlobalSection
	GlobalSection(ExtensibilityGlobals) = postSolution
		SolutionGuid = {5A945A64-2766-457E-9DE8-B10489F352B7}
	EndGlobalSection
EndGlobal
